// !$*UTF8*$!
{
	archiveVersion = 1;
	classes = {
	};
	objectVersion = 46;
	objects = {

/* Begin PBXBuildFile section */
		491101FE1973FC14006325C5 /* MainView.xib in Resources */ = {isa = PBXBuildFile; fileRef = 491101FD1973FC14006325C5 /* MainView.xib */; };
		491102021973FC56006325C5 /* VDFMainViewController.m in Sources */ = {isa = PBXBuildFile; fileRef = 491102011973FC56006325C5 /* VDFMainViewController.m */; };
		49809CDD197E55CB003F5C66 /* libVodafoneSDK.a in Frameworks */ = {isa = PBXBuildFile; fileRef = 491C2C0719790D1C00C7FB54 /* libVodafoneSDK.a */; };
		498EA30719829A8600122F05 /* SystemConfiguration.framework in Frameworks */ = {isa = PBXBuildFile; fileRef = 498EA30619829A8600122F05 /* SystemConfiguration.framework */; };
		49A157FF196BFC7800642677 /* Foundation.framework in Frameworks */ = {isa = PBXBuildFile; fileRef = 49A157FE196BFC7800642677 /* Foundation.framework */; };
		49A15801196BFC7800642677 /* CoreGraphics.framework in Frameworks */ = {isa = PBXBuildFile; fileRef = 49A15800196BFC7800642677 /* CoreGraphics.framework */; };
		49A15803196BFC7800642677 /* UIKit.framework in Frameworks */ = {isa = PBXBuildFile; fileRef = 49A15802196BFC7800642677 /* UIKit.framework */; };
		49A15809196BFC7800642677 /* InfoPlist.strings in Resources */ = {isa = PBXBuildFile; fileRef = 49A15807196BFC7800642677 /* InfoPlist.strings */; };
		49A1580B196BFC7800642677 /* main.m in Sources */ = {isa = PBXBuildFile; fileRef = 49A1580A196BFC7800642677 /* main.m */; };
		49A1580F196BFC7800642677 /* VDFAppDelegate.m in Sources */ = {isa = PBXBuildFile; fileRef = 49A1580E196BFC7800642677 /* VDFAppDelegate.m */; };
		49A15811196BFC7800642677 /* Images.xcassets in Resources */ = {isa = PBXBuildFile; fileRef = 49A15810196BFC7800642677 /* Images.xcassets */; };
		49A15818196BFC7800642677 /* XCTest.framework in Frameworks */ = {isa = PBXBuildFile; fileRef = 49A15817196BFC7800642677 /* XCTest.framework */; };
		49A15819196BFC7800642677 /* Foundation.framework in Frameworks */ = {isa = PBXBuildFile; fileRef = 49A157FE196BFC7800642677 /* Foundation.framework */; };
		49A1581A196BFC7800642677 /* UIKit.framework in Frameworks */ = {isa = PBXBuildFile; fileRef = 49A15802196BFC7800642677 /* UIKit.framework */; };
		49A15822196BFC7800642677 /* InfoPlist.strings in Resources */ = {isa = PBXBuildFile; fileRef = 49A15820196BFC7800642677 /* InfoPlist.strings */; };
		49A15824196BFC7800642677 /* HESampleAppTests.m in Sources */ = {isa = PBXBuildFile; fileRef = 49A15823196BFC7800642677 /* HESampleAppTests.m */; };
/* End PBXBuildFile section */

/* Begin PBXContainerItemProxy section */
		491C2C0619790D1C00C7FB54 /* PBXContainerItemProxy */ = {
			isa = PBXContainerItemProxy;
			containerPortal = 491C2C0019790D1C00C7FB54 /* VodafoneSDK.xcodeproj */;
			proxyType = 2;
			remoteGlobalIDString = 49E74BB51962F9D50080EB14;
			remoteInfo = VodafoneSDK;
		};
		491C2C0819790D1C00C7FB54 /* PBXContainerItemProxy */ = {
			isa = PBXContainerItemProxy;
			containerPortal = 491C2C0019790D1C00C7FB54 /* VodafoneSDK.xcodeproj */;
			proxyType = 2;
			remoteGlobalIDString = 49E74BC51962F9D60080EB14;
			remoteInfo = VodafoneSDKTests;
		};
		49809CDE197E55D6003F5C66 /* PBXContainerItemProxy */ = {
			isa = PBXContainerItemProxy;
			containerPortal = 491C2C0019790D1C00C7FB54 /* VodafoneSDK.xcodeproj */;
			proxyType = 1;
			remoteGlobalIDString = 49E74BB41962F9D50080EB14;
			remoteInfo = VodafoneSDK;
		};
		49A1581B196BFC7800642677 /* PBXContainerItemProxy */ = {
			isa = PBXContainerItemProxy;
			containerPortal = 49A157F3196BFC7800642677 /* Project object */;
			proxyType = 1;
			remoteGlobalIDString = 49A157FA196BFC7800642677;
			remoteInfo = HESampleApp;
		};
/* End PBXContainerItemProxy section */

/* Begin PBXFileReference section */
		491101FD1973FC14006325C5 /* MainView.xib */ = {isa = PBXFileReference; fileEncoding = 4; lastKnownFileType = file.xib; name = MainView.xib; path = Views/MainView.xib; sourceTree = "<group>"; };
		491102001973FC56006325C5 /* VDFMainViewController.h */ = {isa = PBXFileReference; fileEncoding = 4; lastKnownFileType = sourcecode.c.h; name = VDFMainViewController.h; path = Controllers/Main/VDFMainViewController.h; sourceTree = "<group>"; };
		491102011973FC56006325C5 /* VDFMainViewController.m */ = {isa = PBXFileReference; fileEncoding = 4; lastKnownFileType = sourcecode.c.objc; name = VDFMainViewController.m; path = Controllers/Main/VDFMainViewController.m; sourceTree = "<group>"; };
		491C2C0019790D1C00C7FB54 /* VodafoneSDK.xcodeproj */ = {isa = PBXFileReference; lastKnownFileType = "wrapper.pb-project"; name = VodafoneSDK.xcodeproj; path = ../VodafoneSDK/VodafoneSDK.xcodeproj; sourceTree = "<group>"; };
		498EA30619829A8600122F05 /* SystemConfiguration.framework */ = {isa = PBXFileReference; lastKnownFileType = wrapper.framework; name = SystemConfiguration.framework; path = System/Library/Frameworks/SystemConfiguration.framework; sourceTree = SDKROOT; };
		49A157FB196BFC7800642677 /* HESampleApp.app */ = {isa = PBXFileReference; explicitFileType = wrapper.application; includeInIndex = 0; path = HESampleApp.app; sourceTree = BUILT_PRODUCTS_DIR; };
		49A157FE196BFC7800642677 /* Foundation.framework */ = {isa = PBXFileReference; lastKnownFileType = wrapper.framework; name = Foundation.framework; path = System/Library/Frameworks/Foundation.framework; sourceTree = SDKROOT; };
		49A15800196BFC7800642677 /* CoreGraphics.framework */ = {isa = PBXFileReference; lastKnownFileType = wrapper.framework; name = CoreGraphics.framework; path = System/Library/Frameworks/CoreGraphics.framework; sourceTree = SDKROOT; };
		49A15802196BFC7800642677 /* UIKit.framework */ = {isa = PBXFileReference; lastKnownFileType = wrapper.framework; name = UIKit.framework; path = System/Library/Frameworks/UIKit.framework; sourceTree = SDKROOT; };
		49A15806196BFC7800642677 /* HESampleApp-Info.plist */ = {isa = PBXFileReference; lastKnownFileType = text.plist.xml; path = "HESampleApp-Info.plist"; sourceTree = "<group>"; };
		49A15808196BFC7800642677 /* en */ = {isa = PBXFileReference; lastKnownFileType = text.plist.strings; name = en; path = en.lproj/InfoPlist.strings; sourceTree = "<group>"; };
		49A1580A196BFC7800642677 /* main.m */ = {isa = PBXFileReference; lastKnownFileType = sourcecode.c.objc; path = main.m; sourceTree = "<group>"; };
		49A1580C196BFC7800642677 /* HESampleApp-Prefix.pch */ = {isa = PBXFileReference; lastKnownFileType = sourcecode.c.h; path = "HESampleApp-Prefix.pch"; sourceTree = "<group>"; };
		49A1580D196BFC7800642677 /* VDFAppDelegate.h */ = {isa = PBXFileReference; lastKnownFileType = sourcecode.c.h; path = VDFAppDelegate.h; sourceTree = "<group>"; };
		49A1580E196BFC7800642677 /* VDFAppDelegate.m */ = {isa = PBXFileReference; lastKnownFileType = sourcecode.c.objc; path = VDFAppDelegate.m; sourceTree = "<group>"; };
		49A15810196BFC7800642677 /* Images.xcassets */ = {isa = PBXFileReference; lastKnownFileType = folder.assetcatalog; path = Images.xcassets; sourceTree = "<group>"; };
		49A15816196BFC7800642677 /* HESampleAppTests.xctest */ = {isa = PBXFileReference; explicitFileType = wrapper.cfbundle; includeInIndex = 0; path = HESampleAppTests.xctest; sourceTree = BUILT_PRODUCTS_DIR; };
		49A15817196BFC7800642677 /* XCTest.framework */ = {isa = PBXFileReference; lastKnownFileType = wrapper.framework; name = XCTest.framework; path = Library/Frameworks/XCTest.framework; sourceTree = DEVELOPER_DIR; };
		49A1581F196BFC7800642677 /* HESampleAppTests-Info.plist */ = {isa = PBXFileReference; lastKnownFileType = text.plist.xml; path = "HESampleAppTests-Info.plist"; sourceTree = "<group>"; };
		49A15821196BFC7800642677 /* en */ = {isa = PBXFileReference; lastKnownFileType = text.plist.strings; name = en; path = en.lproj/InfoPlist.strings; sourceTree = "<group>"; };
		49A15823196BFC7800642677 /* HESampleAppTests.m */ = {isa = PBXFileReference; lastKnownFileType = sourcecode.c.objc; path = HESampleAppTests.m; sourceTree = "<group>"; };
/* End PBXFileReference section */

/* Begin PBXFrameworksBuildPhase section */
		49A157F8196BFC7800642677 /* Frameworks */ = {
			isa = PBXFrameworksBuildPhase;
			buildActionMask = 2147483647;
			files = (
				498EA30719829A8600122F05 /* SystemConfiguration.framework in Frameworks */,
				49809CDD197E55CB003F5C66 /* libVodafoneSDK.a in Frameworks */,
				49A15801196BFC7800642677 /* CoreGraphics.framework in Frameworks */,
				49A15803196BFC7800642677 /* UIKit.framework in Frameworks */,
				49A157FF196BFC7800642677 /* Foundation.framework in Frameworks */,
			);
			runOnlyForDeploymentPostprocessing = 0;
		};
		49A15813196BFC7800642677 /* Frameworks */ = {
			isa = PBXFrameworksBuildPhase;
			buildActionMask = 2147483647;
			files = (
				49A15818196BFC7800642677 /* XCTest.framework in Frameworks */,
				49A1581A196BFC7800642677 /* UIKit.framework in Frameworks */,
				49A15819196BFC7800642677 /* Foundation.framework in Frameworks */,
			);
			runOnlyForDeploymentPostprocessing = 0;
		};
/* End PBXFrameworksBuildPhase section */

/* Begin PBXGroup section */
		491101F61973DEEE006325C5 /* Models */ = {
			isa = PBXGroup;
			children = (
			);
			name = Models;
			sourceTree = "<group>";
		};
		491101F91973DF04006325C5 /* Views */ = {
			isa = PBXGroup;
			children = (
				491101FD1973FC14006325C5 /* MainView.xib */,
			);
			name = Views;
			sourceTree = "<group>";
		};
		491101FA1973DF10006325C5 /* Controllers */ = {
			isa = PBXGroup;
			children = (
				491101FF1973FC29006325C5 /* Main */,
			);
			name = Controllers;
			sourceTree = "<group>";
		};
		491101FB1973DF41006325C5 /* Common */ = {
			isa = PBXGroup;
			children = (
			);
			name = Common;
			sourceTree = "<group>";
		};
		491101FF1973FC29006325C5 /* Main */ = {
			isa = PBXGroup;
			children = (
				491102001973FC56006325C5 /* VDFMainViewController.h */,
				491102011973FC56006325C5 /* VDFMainViewController.m */,
			);
			name = Main;
			sourceTree = "<group>";
		};
		491C2C0119790D1C00C7FB54 /* Products */ = {
			isa = PBXGroup;
			children = (
				491C2C0719790D1C00C7FB54 /* libVodafoneSDK.a */,
				491C2C0919790D1C00C7FB54 /* VodafoneSDKTests.xctest */,
			);
			name = Products;
			sourceTree = "<group>";
		};
		49A157F2196BFC7800642677 = {
			isa = PBXGroup;
			children = (
				491C2C0019790D1C00C7FB54 /* VodafoneSDK.xcodeproj */,
				49A15804196BFC7800642677 /* HESampleApp */,
				49A1581D196BFC7800642677 /* HESampleAppTests */,
				49A157FD196BFC7800642677 /* Frameworks */,
				49A157FC196BFC7800642677 /* Products */,
			);
			sourceTree = "<group>";
		};
		49A157FC196BFC7800642677 /* Products */ = {
			isa = PBXGroup;
			children = (
				49A157FB196BFC7800642677 /* HESampleApp.app */,
				49A15816196BFC7800642677 /* HESampleAppTests.xctest */,
			);
			name = Products;
			sourceTree = "<group>";
		};
		49A157FD196BFC7800642677 /* Frameworks */ = {
			isa = PBXGroup;
			children = (
				498EA30619829A8600122F05 /* SystemConfiguration.framework */,
				49A157FE196BFC7800642677 /* Foundation.framework */,
				49A15800196BFC7800642677 /* CoreGraphics.framework */,
				49A15802196BFC7800642677 /* UIKit.framework */,
				49A15817196BFC7800642677 /* XCTest.framework */,
			);
			name = Frameworks;
			sourceTree = "<group>";
		};
		49A15804196BFC7800642677 /* HESampleApp */ = {
			isa = PBXGroup;
			children = (
				491101FB1973DF41006325C5 /* Common */,
				491101F61973DEEE006325C5 /* Models */,
				491101F91973DF04006325C5 /* Views */,
				491101FA1973DF10006325C5 /* Controllers */,
				49A1580D196BFC7800642677 /* VDFAppDelegate.h */,
				49A1580E196BFC7800642677 /* VDFAppDelegate.m */,
				49A15810196BFC7800642677 /* Images.xcassets */,
				49A15805196BFC7800642677 /* Supporting Files */,
			);
			path = HESampleApp;
			sourceTree = "<group>";
		};
		49A15805196BFC7800642677 /* Supporting Files */ = {
			isa = PBXGroup;
			children = (
				49A15806196BFC7800642677 /* HESampleApp-Info.plist */,
				49A15807196BFC7800642677 /* InfoPlist.strings */,
				49A1580A196BFC7800642677 /* main.m */,
				49A1580C196BFC7800642677 /* HESampleApp-Prefix.pch */,
			);
			name = "Supporting Files";
			sourceTree = "<group>";
		};
		49A1581D196BFC7800642677 /* HESampleAppTests */ = {
			isa = PBXGroup;
			children = (
				49A15823196BFC7800642677 /* HESampleAppTests.m */,
				49A1581E196BFC7800642677 /* Supporting Files */,
			);
			path = HESampleAppTests;
			sourceTree = "<group>";
		};
		49A1581E196BFC7800642677 /* Supporting Files */ = {
			isa = PBXGroup;
			children = (
				49A1581F196BFC7800642677 /* HESampleAppTests-Info.plist */,
				49A15820196BFC7800642677 /* InfoPlist.strings */,
			);
			name = "Supporting Files";
			sourceTree = "<group>";
		};
/* End PBXGroup section */

/* Begin PBXNativeTarget section */
		49A157FA196BFC7800642677 /* HESampleApp */ = {
			isa = PBXNativeTarget;
			buildConfigurationList = 49A15827196BFC7800642677 /* Build configuration list for PBXNativeTarget "HESampleApp" */;
			buildPhases = (
				49B4B9EF1988D8B900AB8747 /* ShellScript */,
				49A157F7196BFC7800642677 /* Sources */,
				49A157F8196BFC7800642677 /* Frameworks */,
				49A157F9196BFC7800642677 /* Resources */,
			);
			buildRules = (
			);
			dependencies = (
				49809CDF197E55D6003F5C66 /* PBXTargetDependency */,
			);
			name = HESampleApp;
			productName = HESampleApp;
			productReference = 49A157FB196BFC7800642677 /* HESampleApp.app */;
			productType = "com.apple.product-type.application";
		};
		49A15815196BFC7800642677 /* HESampleAppTests */ = {
			isa = PBXNativeTarget;
			buildConfigurationList = 49A1582A196BFC7800642677 /* Build configuration list for PBXNativeTarget "HESampleAppTests" */;
			buildPhases = (
				49A15812196BFC7800642677 /* Sources */,
				49A15813196BFC7800642677 /* Frameworks */,
				49A15814196BFC7800642677 /* Resources */,
			);
			buildRules = (
			);
			dependencies = (
				49A1581C196BFC7800642677 /* PBXTargetDependency */,
			);
			name = HESampleAppTests;
			productName = HESampleAppTests;
			productReference = 49A15816196BFC7800642677 /* HESampleAppTests.xctest */;
			productType = "com.apple.product-type.bundle.unit-test";
		};
/* End PBXNativeTarget section */

/* Begin PBXProject section */
		49A157F3196BFC7800642677 /* Project object */ = {
			isa = PBXProject;
			attributes = {
				CLASSPREFIX = VDF;
				LastUpgradeCheck = 0510;
				ORGANIZATIONNAME = Vodafone;
				TargetAttributes = {
					49A157FA196BFC7800642677 = {
						DevelopmentTeam = 9QXX56ZP39;
					};
					49A15815196BFC7800642677 = {
						TestTargetID = 49A157FA196BFC7800642677;
					};
				};
			};
			buildConfigurationList = 49A157F6196BFC7800642677 /* Build configuration list for PBXProject "HESampleApp" */;
			compatibilityVersion = "Xcode 3.2";
			developmentRegion = English;
			hasScannedForEncodings = 0;
			knownRegions = (
				en,
			);
			mainGroup = 49A157F2196BFC7800642677;
			productRefGroup = 49A157FC196BFC7800642677 /* Products */;
			projectDirPath = "";
			projectReferences = (
				{
					ProductGroup = 491C2C0119790D1C00C7FB54 /* Products */;
					ProjectRef = 491C2C0019790D1C00C7FB54 /* VodafoneSDK.xcodeproj */;
				},
			);
			projectRoot = "";
			targets = (
				49A157FA196BFC7800642677 /* HESampleApp */,
				49A15815196BFC7800642677 /* HESampleAppTests */,
			);
		};
/* End PBXProject section */

/* Begin PBXReferenceProxy section */
		491C2C0719790D1C00C7FB54 /* libVodafoneSDK.a */ = {
			isa = PBXReferenceProxy;
			fileType = archive.ar;
			path = libVodafoneSDK.a;
			remoteRef = 491C2C0619790D1C00C7FB54 /* PBXContainerItemProxy */;
			sourceTree = BUILT_PRODUCTS_DIR;
		};
		491C2C0919790D1C00C7FB54 /* VodafoneSDKTests.xctest */ = {
			isa = PBXReferenceProxy;
			fileType = wrapper.cfbundle;
			path = VodafoneSDKTests.xctest;
			remoteRef = 491C2C0819790D1C00C7FB54 /* PBXContainerItemProxy */;
			sourceTree = BUILT_PRODUCTS_DIR;
		};
/* End PBXReferenceProxy section */

/* Begin PBXResourcesBuildPhase section */
		49A157F9196BFC7800642677 /* Resources */ = {
			isa = PBXResourcesBuildPhase;
			buildActionMask = 2147483647;
			files = (
				491101FE1973FC14006325C5 /* MainView.xib in Resources */,
				49A15809196BFC7800642677 /* InfoPlist.strings in Resources */,
				49A15811196BFC7800642677 /* Images.xcassets in Resources */,
			);
			runOnlyForDeploymentPostprocessing = 0;
		};
		49A15814196BFC7800642677 /* Resources */ = {
			isa = PBXResourcesBuildPhase;
			buildActionMask = 2147483647;
			files = (
				49A15822196BFC7800642677 /* InfoPlist.strings in Resources */,
			);
			runOnlyForDeploymentPostprocessing = 0;
		};
/* End PBXResourcesBuildPhase section */

/* Begin PBXShellScriptBuildPhase section */
		49B4B9EF1988D8B900AB8747 /* ShellScript */ = {
			isa = PBXShellScriptBuildPhase;
			buildActionMask = 2147483647;
			files = (
			);
			inputPaths = (
			);
			outputPaths = (
			);
			runOnlyForDeploymentPostprocessing = 0;
			shellPath = /bin/sh;
			shellScript = "if [ -d \"../VodafoneSDK/build\" ]; then\n    cp -rf ../VodafoneSDK/build ./VodafoneSDKBuild\nfi\n";
		};
/* End PBXShellScriptBuildPhase section */

/* Begin PBXSourcesBuildPhase section */
		49A157F7196BFC7800642677 /* Sources */ = {
			isa = PBXSourcesBuildPhase;
			buildActionMask = 2147483647;
			files = (
				49A1580B196BFC7800642677 /* main.m in Sources */,
				49A1580F196BFC7800642677 /* VDFAppDelegate.m in Sources */,
				491102021973FC56006325C5 /* VDFMainViewController.m in Sources */,
			);
			runOnlyForDeploymentPostprocessing = 0;
		};
		49A15812196BFC7800642677 /* Sources */ = {
			isa = PBXSourcesBuildPhase;
			buildActionMask = 2147483647;
			files = (
				49A15824196BFC7800642677 /* HESampleAppTests.m in Sources */,
			);
			runOnlyForDeploymentPostprocessing = 0;
		};
/* End PBXSourcesBuildPhase section */

/* Begin PBXTargetDependency section */
		49809CDF197E55D6003F5C66 /* PBXTargetDependency */ = {
			isa = PBXTargetDependency;
			name = VodafoneSDK;
			targetProxy = 49809CDE197E55D6003F5C66 /* PBXContainerItemProxy */;
		};
		49A1581C196BFC7800642677 /* PBXTargetDependency */ = {
			isa = PBXTargetDependency;
			target = 49A157FA196BFC7800642677 /* HESampleApp */;
			targetProxy = 49A1581B196BFC7800642677 /* PBXContainerItemProxy */;
		};
/* End PBXTargetDependency section */

/* Begin PBXVariantGroup section */
		49A15807196BFC7800642677 /* InfoPlist.strings */ = {
			isa = PBXVariantGroup;
			children = (
				49A15808196BFC7800642677 /* en */,
			);
			name = InfoPlist.strings;
			sourceTree = "<group>";
		};
		49A15820196BFC7800642677 /* InfoPlist.strings */ = {
			isa = PBXVariantGroup;
			children = (
				49A15821196BFC7800642677 /* en */,
			);
			name = InfoPlist.strings;
			sourceTree = "<group>";
		};
/* End PBXVariantGroup section */

/* Begin XCBuildConfiguration section */
		49A15825196BFC7800642677 /* Debug */ = {
			isa = XCBuildConfiguration;
			buildSettings = {
				ALWAYS_SEARCH_USER_PATHS = NO;
				ARCHS = (
					armv7,
					armv7s,
				);
				CLANG_CXX_LANGUAGE_STANDARD = "gnu++0x";
				CLANG_CXX_LIBRARY = "libc++";
				CLANG_ENABLE_MODULES = YES;
				CLANG_ENABLE_OBJC_ARC = YES;
				CLANG_WARN_BOOL_CONVERSION = YES;
				CLANG_WARN_CONSTANT_CONVERSION = YES;
				CLANG_WARN_DIRECT_OBJC_ISA_USAGE = YES_ERROR;
				CLANG_WARN_EMPTY_BODY = YES;
				CLANG_WARN_ENUM_CONVERSION = YES;
				CLANG_WARN_INT_CONVERSION = YES;
				CLANG_WARN_OBJC_ROOT_CLASS = YES_ERROR;
				CLANG_WARN__DUPLICATE_METHOD_MATCH = YES;
				CODE_SIGN_IDENTITY = "iPhone Developer: Michał Szymańczyk (F5UT3S9BU7)";
				"CODE_SIGN_IDENTITY[sdk=iphoneos*]" = "iPhone Developer";
				COPY_PHASE_STRIP = NO;
				GCC_C_LANGUAGE_STANDARD = gnu99;
				GCC_DYNAMIC_NO_PIC = NO;
				GCC_OPTIMIZATION_LEVEL = 0;
				GCC_PREPROCESSOR_DEFINITIONS = (
					"DEBUG=1",
					"$(inherited)",
				);
				GCC_SYMBOLS_PRIVATE_EXTERN = NO;
				GCC_WARN_64_TO_32_BIT_CONVERSION = YES;
				GCC_WARN_ABOUT_RETURN_TYPE = YES_ERROR;
				GCC_WARN_UNDECLARED_SELECTOR = YES;
				GCC_WARN_UNINITIALIZED_AUTOS = YES_AGGRESSIVE;
				GCC_WARN_UNUSED_FUNCTION = YES;
				GCC_WARN_UNUSED_VARIABLE = YES;
				HEADER_SEARCH_PATHS = (
					"$(inherited)",
					/Applications/Xcode.app/Contents/Developer/Toolchains/XcodeDefault.xctoolchain/usr/include,
					"../VodafoneSDK/**",
				);
				IPHONEOS_DEPLOYMENT_TARGET = 6.0;
				LIBRARY_SEARCH_PATHS = "../VodafoneSDK/**";
				ONLY_ACTIVE_ARCH = YES;
				SDKROOT = iphoneos6.0;
				VALID_ARCHS = "armv7 armv7s arm64";
			};
			name = Debug;
		};
		49A15826196BFC7800642677 /* Release */ = {
			isa = XCBuildConfiguration;
			buildSettings = {
				ALWAYS_SEARCH_USER_PATHS = NO;
				ARCHS = (
					armv7,
					armv7s,
				);
				CLANG_CXX_LANGUAGE_STANDARD = "gnu++0x";
				CLANG_CXX_LIBRARY = "libc++";
				CLANG_ENABLE_MODULES = YES;
				CLANG_ENABLE_OBJC_ARC = YES;
				CLANG_WARN_BOOL_CONVERSION = YES;
				CLANG_WARN_CONSTANT_CONVERSION = YES;
				CLANG_WARN_DIRECT_OBJC_ISA_USAGE = YES_ERROR;
				CLANG_WARN_EMPTY_BODY = YES;
				CLANG_WARN_ENUM_CONVERSION = YES;
				CLANG_WARN_INT_CONVERSION = YES;
				CLANG_WARN_OBJC_ROOT_CLASS = YES_ERROR;
				CLANG_WARN__DUPLICATE_METHOD_MATCH = YES;
				CODE_SIGN_IDENTITY = "iPhone Developer: Michał Szymańczyk (F5UT3S9BU7)";
				"CODE_SIGN_IDENTITY[sdk=iphoneos*]" = "iPhone Developer";
				COPY_PHASE_STRIP = YES;
				ENABLE_NS_ASSERTIONS = NO;
				GCC_C_LANGUAGE_STANDARD = gnu99;
				GCC_WARN_64_TO_32_BIT_CONVERSION = YES;
				GCC_WARN_ABOUT_RETURN_TYPE = YES_ERROR;
				GCC_WARN_UNDECLARED_SELECTOR = YES;
				GCC_WARN_UNINITIALIZED_AUTOS = YES_AGGRESSIVE;
				GCC_WARN_UNUSED_FUNCTION = YES;
				GCC_WARN_UNUSED_VARIABLE = YES;
				HEADER_SEARCH_PATHS = (
					"$(inherited)",
					/Applications/Xcode.app/Contents/Developer/Toolchains/XcodeDefault.xctoolchain/usr/include,
					"../VodafoneSDK/**",
				);
				IPHONEOS_DEPLOYMENT_TARGET = 6.0;
				LIBRARY_SEARCH_PATHS = "../VodafoneSDK/**";
				SDKROOT = iphoneos6.0;
				VALIDATE_PRODUCT = YES;
				VALID_ARCHS = "armv7 armv7s arm64";
			};
			name = Release;
		};
		49A15828196BFC7800642677 /* Debug */ = {
			isa = XCBuildConfiguration;
			buildSettings = {
				ADDITIONAL_SDKS = "";
				ASSETCATALOG_COMPILER_APPICON_NAME = AppIcon;
				ASSETCATALOG_COMPILER_LAUNCHIMAGE_NAME = LaunchImage;
				CODE_SIGN_IDENTITY = "iPhone Developer";
				"CODE_SIGN_IDENTITY[sdk=iphoneos*]" = "iPhone Developer";
				FRAMEWORK_SEARCH_PATHS = "$(inherited)";
				GCC_PRECOMPILE_PREFIX_HEADER = YES;
				GCC_PREFIX_HEADER = "HESampleApp/HESampleApp-Prefix.pch";
				HEADER_SEARCH_PATHS = (
					"$(inherited)",
					/Applications/Xcode.app/Contents/Developer/Toolchains/XcodeDefault.xctoolchain/usr/include,
					"\"../VodafoneSDK\"/**",
				);
				INFOPLIST_FILE = "HESampleApp/HESampleApp-Info.plist";
				IPHONEOS_DEPLOYMENT_TARGET = 6.0;
				LIBRARY_SEARCH_PATHS = "\"../VodafoneSDK\"/**";
				PRODUCT_NAME = "$(TARGET_NAME)";
				PROVISIONING_PROFILE = "";
				SDKROOT = iphoneos6.0;
				TARGETED_DEVICE_FAMILY = "1,2";
				WRAPPER_EXTENSION = app;
			};
			name = Debug;
		};
		49A15829196BFC7800642677 /* Release */ = {
			isa = XCBuildConfiguration;
			buildSettings = {
				ADDITIONAL_SDKS = "";
				ASSETCATALOG_COMPILER_APPICON_NAME = AppIcon;
				ASSETCATALOG_COMPILER_LAUNCHIMAGE_NAME = LaunchImage;
				CODE_SIGN_IDENTITY = "iPhone Developer";
				"CODE_SIGN_IDENTITY[sdk=iphoneos*]" = "iPhone Developer";
				FRAMEWORK_SEARCH_PATHS = "$(inherited)";
				GCC_PRECOMPILE_PREFIX_HEADER = YES;
				GCC_PREFIX_HEADER = "HESampleApp/HESampleApp-Prefix.pch";
				HEADER_SEARCH_PATHS = (
					"$(inherited)",
					/Applications/Xcode.app/Contents/Developer/Toolchains/XcodeDefault.xctoolchain/usr/include,
					"\"../VodafoneSDK\"/**",
				);
				INFOPLIST_FILE = "HESampleApp/HESampleApp-Info.plist";
				IPHONEOS_DEPLOYMENT_TARGET = 6.0;
				LIBRARY_SEARCH_PATHS = "\"../VodafoneSDK\"/**";
				PRODUCT_NAME = "$(TARGET_NAME)";
				PROVISIONING_PROFILE = "";
				SDKROOT = iphoneos6.0;
				TARGETED_DEVICE_FAMILY = "1,2";
				WRAPPER_EXTENSION = app;
			};
			name = Release;
		};
		49A1582B196BFC7800642677 /* Debug */ = {
			isa = XCBuildConfiguration;
			buildSettings = {
				BUNDLE_LOADER = "$(BUILT_PRODUCTS_DIR)/HESampleApp.app/HESampleApp";
				FRAMEWORK_SEARCH_PATHS = (
					"$(SDKROOT)/Developer/Library/Frameworks",
					"$(inherited)",
					"$(DEVELOPER_FRAMEWORKS_DIR)",
				);
				GCC_PRECOMPILE_PREFIX_HEADER = YES;
				GCC_PREFIX_HEADER = "HESampleApp/HESampleApp-Prefix.pch";
				GCC_PREPROCESSOR_DEFINITIONS = (
					"DEBUG=1",
					"$(inherited)",
				);
				HEADER_SEARCH_PATHS = (
					"$(inherited)",
					/Applications/Xcode.app/Contents/Developer/Toolchains/XcodeDefault.xctoolchain/usr/include,
					"\"../VodafoneSDK\"/**",
				);
				INFOPLIST_FILE = "HESampleAppTests/HESampleAppTests-Info.plist";
				LIBRARY_SEARCH_PATHS = "\"../VodafoneSDK\"/**";
				PRODUCT_NAME = "$(TARGET_NAME)";
				SDKROOT = iphoneos6.0;
				TEST_HOST = "$(BUNDLE_LOADER)";
				WRAPPER_EXTENSION = xctest;
			};
			name = Debug;
		};
		49A1582C196BFC7800642677 /* Release */ = {
			isa = XCBuildConfiguration;
			buildSettings = {
				BUNDLE_LOADER = "$(BUILT_PRODUCTS_DIR)/HESampleApp.app/HESampleApp";
				FRAMEWORK_SEARCH_PATHS = (
					"$(SDKROOT)/Developer/Library/Frameworks",
					"$(inherited)",
					"$(DEVELOPER_FRAMEWORKS_DIR)",
				);
				GCC_PRECOMPILE_PREFIX_HEADER = YES;
				GCC_PREFIX_HEADER = "HESampleApp/HESampleApp-Prefix.pch";
				HEADER_SEARCH_PATHS = (
					"$(inherited)",
					/Applications/Xcode.app/Contents/Developer/Toolchains/XcodeDefault.xctoolchain/usr/include,
					"\"../VodafoneSDK\"/**",
				);
				INFOPLIST_FILE = "HESampleAppTests/HESampleAppTests-Info.plist";
				LIBRARY_SEARCH_PATHS = "\"../VodafoneSDK\"/**";
				PRODUCT_NAME = "$(TARGET_NAME)";
				SDKROOT = iphoneos6.0;
				TEST_HOST = "$(BUNDLE_LOADER)";
				WRAPPER_EXTENSION = xctest;
			};
			name = Release;
		};
/* End XCBuildConfiguration section */

/* Begin XCConfigurationList section */
		49A157F6196BFC7800642677 /* Build configuration list for PBXProject "HESampleApp" */ = {
			isa = XCConfigurationList;
			buildConfigurations = (
				49A15825196BFC7800642677 /* Debug */,
				49A15826196BFC7800642677 /* Release */,
			);
			defaultConfigurationIsVisible = 0;
			defaultConfigurationName = Release;
		};
		49A15827196BFC7800642677 /* Build configuration list for PBXNativeTarget "HESampleApp" */ = {
			isa = XCConfigurationList;
			buildConfigurations = (
				49A15828196BFC7800642677 /* Debug */,
				49A15829196BFC7800642677 /* Release */,
			);
			defaultConfigurationIsVisible = 0;
			defaultConfigurationName = Release;
		};
		49A1582A196BFC7800642677 /* Build configuration list for PBXNativeTarget "HESampleAppTests" */ = {
			isa = XCConfigurationList;
			buildConfigurations = (
				49A1582B196BFC7800642677 /* Debug */,
				49A1582C196BFC7800642677 /* Release */,
			);
			defaultConfigurationIsVisible = 0;
			defaultConfigurationName = Release;
		};
/* End XCConfigurationList section */
	};
	rootObject = 49A157F3196BFC7800642677 /* Project object */;
}
